
Microsoft Visual Studio Solution File, Format Version 12.00
# Visual Studio 2013
VisualStudioVersion = 12.0.21005.1
MinimumVisualStudioVersion = 10.0.40219.1
Project("{8BC9CEB8-8B4A-11D0-8D11-00A0C91BC942}") = "leetcode", "leetcode\leetcode.vcxproj", "{D6A96B26-8853-4752-8937-48B26CD902A7}"
EndProject
Project("{8BC9CEB8-8B4A-11D0-8D11-00A0C91BC942}") = "Common", "Common\Common.vcxproj", "{412EE437-46E2-4D3F-A406-55BF47488FEA}"
EndProject
Project("{8BC9CEB8-8B4A-11D0-8D11-00A0C91BC942}") = "wangyi", "wangyi\wangyi.vcxproj", "{A63ED5E9-0F28-43B4-A704-680C508F6C43}"
EndProject
Project("{8BC9CEB8-8B4A-11D0-8D11-00A0C91BC942}") = "ali", "ali\ali.vcxproj", "{D69B60E5-C175-4812-9CFE-E2D28D2C296A}"
EndProject
Global
	GlobalSection(SolutionConfigurationPlatforms) = preSolution
		Debug|Mixed Platforms = Debug|Mixed Platforms
		Debug|Win32 = Debug|Win32
		Debug|x64 = Debug|x64
		Debug|x86 = Debug|x86
		Release|Mixed Platforms = Release|Mixed Platforms
		Release|Win32 = Release|Win32
		Release|x64 = Release|x64
		Release|x86 = Release|x86
	EndGlobalSection
	GlobalSection(ProjectConfigurationPlatforms) = postSolution
		{D6A96B26-8853-4752-8937-48B26CD902A7}.Debug|Mixed Platforms.ActiveCfg = Debug|Win32
		{D6A96B26-8853-4752-8937-48B26CD902A7}.Debug|Mixed Platforms.Build.0 = Debug|Win32
		{D6A96B26-8853-4752-8937-48B26CD902A7}.Debug|Win32.ActiveCfg = Debug|Win32
		{D6A96B26-8853-4752-8937-48B26CD902A7}.Debug|Win32.Build.0 = Debug|Win32
		{D6A96B26-8853-4752-8937-48B26CD902A7}.Debug|x64.ActiveCfg = Debug|x64
		{D6A96B26-8853-4752-8937-48B26CD902A7}.Debug|x64.Build.0 = Debug|x64
		{D6A96B26-8853-4752-8937-48B26CD902A7}.Debug|x86.ActiveCfg = Debug|Win32
		{D6A96B26-8853-4752-8937-48B26CD902A7}.Debug|x86.Build.0 = Debug|Win32
		{D6A96B26-8853-4752-8937-48B26CD902A7}.Release|Mixed Platforms.ActiveCfg = Release|Win32
		{D6A96B26-8853-4752-8937-48B26CD902A7}.Release|Mixed Platforms.Build.0 = Release|Win32
		{D6A96B26-8853-4752-8937-48B26CD902A7}.Release|Win32.ActiveCfg = Release|Win32
		{D6A96B26-8853-4752-8937-48B26CD902A7}.Release|Win32.Build.0 = Release|Win32
		{D6A96B26-8853-4752-8937-48B26CD902A7}.Release|x64.ActiveCfg = Release|x64
		{D6A96B26-8853-4752-8937-48B26CD902A7}.Release|x64.Build.0 = Release|x64
		{D6A96B26-8853-4752-8937-48B26CD902A7}.Release|x86.ActiveCfg = Release|Win32
		{D6A96B26-8853-4752-8937-48B26CD902A7}.Release|x86.Build.0 = Release|Win32
		{412EE437-46E2-4D3F-A406-55BF47488FEA}.Debug|Mixed Platforms.ActiveCfg = Debug|Win32
		{412EE437-46E2-4D3F-A406-55BF47488FEA}.Debug|Mixed Platforms.Build.0 = Debug|Win32
		{412EE437-46E2-4D3F-A406-55BF47488FEA}.Debug|Win32.ActiveCfg = Debug|Win32
		{412EE437-46E2-4D3F-A406-55BF47488FEA}.Debug|Win32.Build.0 = Debug|Win32
		{412EE437-46E2-4D3F-A406-55BF47488FEA}.Debug|x64.ActiveCfg = Debug|Win32
		{412EE437-46E2-4D3F-A406-55BF47488FEA}.Debug|x86.ActiveCfg = Debug|Win32
		{412EE437-46E2-4D3F-A406-55BF47488FEA}.Debug|x86.Build.0 = Debug|Win32
		{412EE437-46E2-4D3F-A406-55BF47488FEA}.Release|Mixed Platforms.ActiveCfg = Release|Win32
		{412EE437-46E2-4D3F-A406-55BF47488FEA}.Release|Mixed Platforms.Build.0 = Release|Win32
		{412EE437-46E2-4D3F-A406-55BF47488FEA}.Release|Win32.ActiveCfg = Release|Win32
		{412EE437-46E2-4D3F-A406-55BF47488FEA}.Release|Win32.Build.0 = Release|Win32
		{412EE437-46E2-4D3F-A406-55BF47488FEA}.Release|x64.ActiveCfg = Release|Win32
		{412EE437-46E2-4D3F-A406-55BF47488FEA}.Release|x86.ActiveCfg = Release|Win32
		{412EE437-46E2-4D3F-A406-55BF47488FEA}.Release|x86.Build.0 = Release|Win32
		{A63ED5E9-0F28-43B4-A704-680C508F6C43}.Debug|Mixed Platforms.ActiveCfg = Debug|Win32
		{A63ED5E9-0F28-43B4-A704-680C508F6C43}.Debug|Mixed Platforms.Build.0 = Debug|Win32
		{A63ED5E9-0F28-43B4-A704-680C508F6C43}.Debug|Win32.ActiveCfg = Debug|Win32
		{A63ED5E9-0F28-43B4-A704-680C508F6C43}.Debug|Win32.Build.0 = Debug|Win32
		{A63ED5E9-0F28-43B4-A704-680C508F6C43}.Debug|x64.ActiveCfg = Debug|Win32
		{A63ED5E9-0F28-43B4-A704-680C508F6C43}.Debug|x86.ActiveCfg = Debug|Win32
		{A63ED5E9-0F28-43B4-A704-680C508F6C43}.Debug|x86.Build.0 = Debug|Win32
		{A63ED5E9-0F28-43B4-A704-680C508F6C43}.Release|Mixed Platforms.ActiveCfg = Release|Win32
		{A63ED5E9-0F28-43B4-A704-680C508F6C43}.Release|Mixed Platforms.Build.0 = Release|Win32
		{A63ED5E9-0F28-43B4-A704-680C508F6C43}.Release|Win32.ActiveCfg = Release|Win32
		{A63ED5E9-0F28-43B4-A704-680C508F6C43}.Release|Win32.Build.0 = Release|Win32
		{A63ED5E9-0F28-43B4-A704-680C508F6C43}.Release|x64.ActiveCfg = Release|Win32
		{A63ED5E9-0F28-43B4-A704-680C508F6C43}.Release|x86.ActiveCfg = Release|Win32
		{A63ED5E9-0F28-43B4-A704-680C508F6C43}.Release|x86.Build.0 = Release|Win32
		{D69B60E5-C175-4812-9CFE-E2D28D2C296A}.Debug|Mixed Platforms.ActiveCfg = Debug|Win32
		{D69B60E5-C175-4812-9CFE-E2D28D2C296A}.Debug|Mixed Platforms.Build.0 = Debug|Win32
		{D69B60E5-C175-4812-9CFE-E2D28D2C296A}.Debug|Win32.ActiveCfg = Debug|Win32
		{D69B60E5-C175-4812-9CFE-E2D28D2C296A}.Debug|Win32.Build.0 = Debug|Win32
		{D69B60E5-C175-4812-9CFE-E2D28D2C296A}.Debug|x64.ActiveCfg = Debug|Win32
		{D69B60E5-C175-4812-9CFE-E2D28D2C296A}.Debug|x86.ActiveCfg = Debug|Win32
		{D69B60E5-C175-4812-9CFE-E2D28D2C296A}.Debug|x86.Build.0 = Debug|Win32
		{D69B60E5-C175-4812-9CFE-E2D28D2C296A}.Release|Mixed Platforms.ActiveCfg = Release|Win32
		{D69B60E5-C175-4812-9CFE-E2D28D2C296A}.Release|Mixed Platforms.Build.0 = Release|Win32
		{D69B60E5-C175-4812-9CFE-E2D28D2C296A}.Release|Win32.ActiveCfg = Release|Win32
		{D69B60E5-C175-4812-9CFE-E2D28D2C296A}.Release|Win32.Build.0 = Release|Win32
		{D69B60E5-C175-4812-9CFE-E2D28D2C296A}.Release|x64.ActiveCfg = Release|Win32
		{D69B60E5-C175-4812-9CFE-E2D28D2C296A}.Release|x86.ActiveCfg = Release|Win32
		{D69B60E5-C175-4812-9CFE-E2D28D2C296A}.Release|x86.Build.0 = Release|Win32
	EndGlobalSection
	GlobalSection(SolutionProperties) = preSolution
		HideSolutionNode = FALSE
	EndGlobalSection
EndGlobal
